// !$*UTF8*$!
{
	archiveVersion = 1;
	classes = {
	};
	objectVersion = 46;
	objects = {

/* Begin PBXBuildFile section */
		142595B311F27435005024A9 /* FotolifeUploader.m in Sources */ = {isa = PBXBuildFile; fileRef = 142595B211F27435005024A9 /* FotolifeUploader.m */; };
		1425960A11F27B9A005024A9 /* DiaryUploader.m in Sources */ = {isa = PBXBuildFile; fileRef = 1425960911F27B9A005024A9 /* DiaryUploader.m */; };
		14358EF511F7EED500D5F86D /* Reachability.m in Sources */ = {isa = PBXBuildFile; fileRef = 14358EF411F7EED500D5F86D /* Reachability.m */; };
		14358F1B11F7F38E00D5F86D /* InternetReachability.m in Sources */ = {isa = PBXBuildFile; fileRef = 14358F1A11F7F38E00D5F86D /* InternetReachability.m */; };
		14358F6211F7F5E300D5F86D /* help.html in Resources */ = {isa = PBXBuildFile; fileRef = 14358F5F11F7F5E300D5F86D /* help.html */; };
		14358F6511F7F5F800D5F86D /* HelpViewController.m in Sources */ = {isa = PBXBuildFile; fileRef = 14358F6411F7F5F800D5F86D /* HelpViewController.m */; };
		1467A80211EABCD300A5E334 /* InfoPlist.strings in Resources */ = {isa = PBXBuildFile; fileRef = 1467A80111EABCD300A5E334 /* InfoPlist.strings */; };
		1467A80511EABCE500A5E334 /* Localizable.strings in Resources */ = {isa = PBXBuildFile; fileRef = 1467A80411EABCE500A5E334 /* Localizable.strings */; };
		1467A82011EABE6000A5E334 /* HotEntryViewController.m in Sources */ = {isa = PBXBuildFile; fileRef = 1467A81F11EABE6000A5E334 /* HotEntryViewController.m */; };
		1467A82311EABE6D00A5E334 /* MyBookmarkViewController.m in Sources */ = {isa = PBXBuildFile; fileRef = 1467A82211EABE6D00A5E334 /* MyBookmarkViewController.m */; };
		1467A83B11EAC38500A5E334 /* QuartzCore.framework in Frameworks */ = {isa = PBXBuildFile; fileRef = 1467A83A11EAC38500A5E334 /* QuartzCore.framework */; };
		1467A83D11EAC38C00A5E334 /* SystemConfiguration.framework in Frameworks */ = {isa = PBXBuildFile; fileRef = 1467A83C11EAC38C00A5E334 /* SystemConfiguration.framework */; };
		1467A83F11EAC39300A5E334 /* iAd.framework in Frameworks */ = {isa = PBXBuildFile; fileRef = 1467A83E11EAC39300A5E334 /* iAd.framework */; settings = {ATTRIBUTES = (Weak, ); }; };
		1467A84311EAC39B00A5E334 /* libxml2.dylib in Frameworks */ = {isa = PBXBuildFile; fileRef = 1467A84211EAC39B00A5E334 /* libxml2.dylib */; };
		1467A8BF11EB346500A5E334 /* HatenaRSSParser.m in Sources */ = {isa = PBXBuildFile; fileRef = 1467A8BE11EB346500A5E334 /* HatenaRSSParser.m */; };
		1467A95611EB48B200A5E334 /* EntryCell.m in Sources */ = {isa = PBXBuildFile; fileRef = 1467A95511EB48B200A5E334 /* EntryCell.m */; };
		1467AB0511EB824200A5E334 /* WebViewController.m in Sources */ = {isa = PBXBuildFile; fileRef = 1467AB0411EB824200A5E334 /* WebViewController.m */; };
		1467ABC311EB89DD00A5E334 /* NavBack.png in Resources */ = {isa = PBXBuildFile; fileRef = 1467ABBB11EB89DD00A5E334 /* NavBack.png */; };
		1467ABC411EB89DD00A5E334 /* NavBack@2x.png in Resources */ = {isa = PBXBuildFile; fileRef = 1467ABBC11EB89DD00A5E334 /* NavBack@2x.png */; };
		1467ABC711EB89DD00A5E334 /* NavForward.png in Resources */ = {isa = PBXBuildFile; fileRef = 1467ABBF11EB89DD00A5E334 /* NavForward.png */; };
		1467ABC811EB89DD00A5E334 /* NavForward@2x.png in Resources */ = {isa = PBXBuildFile; fileRef = 1467ABC011EB89DD00A5E334 /* NavForward@2x.png */; };
		1467ABDC11EB8C2C00A5E334 /* RecentEntryViewController.m in Sources */ = {isa = PBXBuildFile; fileRef = 1467ABDB11EB8C2C00A5E334 /* RecentEntryViewController.m */; };
		1467ABF511EB959D00A5E334 /* CommentViewController.m in Sources */ = {isa = PBXBuildFile; fileRef = 1467ABF411EB959D00A5E334 /* CommentViewController.m */; };
		1467AC0C11EB988100A5E334 /* NSObject+SBJSON.m in Sources */ = {isa = PBXBuildFile; fileRef = 1467AC0111EB988100A5E334 /* NSObject+SBJSON.m */; };
		1467AC0D11EB988100A5E334 /* NSString+SBJSON.m in Sources */ = {isa = PBXBuildFile; fileRef = 1467AC0311EB988100A5E334 /* NSString+SBJSON.m */; };
		1467AC0E11EB988100A5E334 /* SBJSON.m in Sources */ = {isa = PBXBuildFile; fileRef = 1467AC0511EB988100A5E334 /* SBJSON.m */; };
		1467AC0F11EB988100A5E334 /* SBJsonBase.m in Sources */ = {isa = PBXBuildFile; fileRef = 1467AC0711EB988100A5E334 /* SBJsonBase.m */; };
		1467AC1011EB988100A5E334 /* SBJsonParser.m in Sources */ = {isa = PBXBuildFile; fileRef = 1467AC0911EB988100A5E334 /* SBJsonParser.m */; };
		1467AC1111EB988100A5E334 /* SBJsonWriter.m in Sources */ = {isa = PBXBuildFile; fileRef = 1467AC0B11EB988100A5E334 /* SBJsonWriter.m */; };
		1467AC2E11EB9BA200A5E334 /* comments_small.png in Resources */ = {isa = PBXBuildFile; fileRef = 1467AC2611EB9BA200A5E334 /* comments_small.png */; };
		1467AC2F11EB9BA200A5E334 /* comments_small@2x.png in Resources */ = {isa = PBXBuildFile; fileRef = 1467AC2711EB9BA200A5E334 /* comments_small@2x.png */; };
		14719F1511F546F300A799D9 /* bookmark_small.png in Resources */ = {isa = PBXBuildFile; fileRef = 14719F1111F546F300A799D9 /* bookmark_small.png */; };
		14719F1611F546F300A799D9 /* bookmark_small@2x.png in Resources */ = {isa = PBXBuildFile; fileRef = 14719F1211F546F300A799D9 /* bookmark_small@2x.png */; };
		1487F9BA16059CDD001AD45A /* Default-568h@2x.png in Resources */ = {isa = PBXBuildFile; fileRef = 1487F9B916059CDD001AD45A /* Default-568h@2x.png */; };
		148966E211F102990013EBEC /* arrow_left_small.png in Resources */ = {isa = PBXBuildFile; fileRef = 148966E011F102990013EBEC /* arrow_left_small.png */; };
		148966E311F102990013EBEC /* arrow_left_small@2x.png in Resources */ = {isa = PBXBuildFile; fileRef = 148966E111F102990013EBEC /* arrow_left_small@2x.png */; };
		1489676211F112C20013EBEC /* CommentCell.m in Sources */ = {isa = PBXBuildFile; fileRef = 1489676111F112C20013EBEC /* CommentCell.m */; };
		1489685111F124970013EBEC /* SettingViewController.m in Sources */ = {isa = PBXBuildFile; fileRef = 1489685011F124970013EBEC /* SettingViewController.m */; };
		148968AF11F12CFF0013EBEC /* UserSettings.m in Sources */ = {isa = PBXBuildFile; fileRef = 148968AE11F12CFF0013EBEC /* UserSettings.m */; };
		14896AF011F140630013EBEC /* HatenaAtomPub.m in Sources */ = {isa = PBXBuildFile; fileRef = 14896AEF11F140630013EBEC /* HatenaAtomPub.m */; };
		14896B4A11F143150013EBEC /* CocoaCryptoHashing.m in Sources */ = {isa = PBXBuildFile; fileRef = 14896B4911F143150013EBEC /* CocoaCryptoHashing.m */; };
		14896B5811F143BE0013EBEC /* NSData+Base64.m in Sources */ = {isa = PBXBuildFile; fileRef = 14896B5711F143BE0013EBEC /* NSData+Base64.m */; };
		14896B9E11F148E20013EBEC /* MyBookmarkFeedParser.m in Sources */ = {isa = PBXBuildFile; fileRef = 14896B9D11F148E20013EBEC /* MyBookmarkFeedParser.m */; };
		14896D0711F162B20013EBEC /* NetworkActivityManager.m in Sources */ = {isa = PBXBuildFile; fileRef = 14896D0611F162B20013EBEC /* NetworkActivityManager.m */; };
		14896D8111F1DE880013EBEC /* DiaryListViewController.m in Sources */ = {isa = PBXBuildFile; fileRef = 14896D8011F1DE880013EBEC /* DiaryListViewController.m */; };
		14896DA711F1DFE90013EBEC /* DiaryCell.m in Sources */ = {isa = PBXBuildFile; fileRef = 14896DA611F1DFE90013EBEC /* DiaryCell.m */; };
		14896DD211F1E41B0013EBEC /* DiaryFeedParser.m in Sources */ = {isa = PBXBuildFile; fileRef = 14896DD111F1E41B0013EBEC /* DiaryFeedParser.m */; };
		14896E5211F200480013EBEC /* DiaryViewController.m in Sources */ = {isa = PBXBuildFile; fileRef = 14896E5111F200480013EBEC /* DiaryViewController.m */; };
		14896FB411F22E1C0013EBEC /* clipboard_small.png in Resources */ = {isa = PBXBuildFile; fileRef = 14896FB211F22E1C0013EBEC /* clipboard_small.png */; };
		14896FB511F22E1C0013EBEC /* clipboard_small@2x.png in Resources */ = {isa = PBXBuildFile; fileRef = 14896FB311F22E1C0013EBEC /* clipboard_small@2x.png */; };
		14896FB811F22E280013EBEC /* camera_small.png in Resources */ = {isa = PBXBuildFile; fileRef = 14896FB611F22E280013EBEC /* camera_small.png */; };
		14896FB911F22E280013EBEC /* camera_small@2x.png in Resources */ = {isa = PBXBuildFile; fileRef = 14896FB711F22E280013EBEC /* camera_small@2x.png */; };
		14896FBC11F22E380013EBEC /* images_small.png in Resources */ = {isa = PBXBuildFile; fileRef = 14896FBA11F22E380013EBEC /* images_small.png */; };
		14896FBD11F22E380013EBEC /* images_small@2x.png in Resources */ = {isa = PBXBuildFile; fileRef = 14896FBB11F22E380013EBEC /* images_small@2x.png */; };
		14896FEF11F234D10013EBEC /* Diary.m in Sources */ = {isa = PBXBuildFile; fileRef = 14896FEE11F234D10013EBEC /* Diary.m */; };
		14896FF711F23D6A0013EBEC /* NSString+XMLExtensions.m in Sources */ = {isa = PBXBuildFile; fileRef = 14896FF611F23D6A0013EBEC /* NSString+XMLExtensions.m */; };
		148970A411F249970013EBEC /* ImagePreviewViewController.m in Sources */ = {isa = PBXBuildFile; fileRef = 148970A311F249970013EBEC /* ImagePreviewViewController.m */; };
		1489715A11F258E90013EBEC /* HatenaAtomPubResponseParser.m in Sources */ = {isa = PBXBuildFile; fileRef = 1489715911F258E90013EBEC /* HatenaAtomPubResponseParser.m */; };
		14C4B5B8160A2C0C0063EC73 /* UIImage+Utilities.m in Sources */ = {isa = PBXBuildFile; fileRef = 14C4B5B7160A2C0C0063EC73 /* UIImage+Utilities.m */; };
		14C4B5BF160A37420063EC73 /* Icon.png in Resources */ = {isa = PBXBuildFile; fileRef = 14C4B5BD160A37420063EC73 /* Icon.png */; };
		14C4B5C0160A37420063EC73 /* Icon@2x.png in Resources */ = {isa = PBXBuildFile; fileRef = 14C4B5BE160A37420063EC73 /* Icon@2x.png */; };
		14C4B5C3160A37AF0063EC73 /* Icon-Small.png in Resources */ = {isa = PBXBuildFile; fileRef = 14C4B5C1160A37AF0063EC73 /* Icon-Small.png */; };
		14C4B5C4160A37AF0063EC73 /* Icon-Small@2x.png in Resources */ = {isa = PBXBuildFile; fileRef = 14C4B5C2160A37AF0063EC73 /* Icon-Small@2x.png */; };
		14DDEB1911F602CA0012958C /* HatenaSyntaxViewController.m in Sources */ = {isa = PBXBuildFile; fileRef = 14DDEB1811F602CA0012958C /* HatenaSyntaxViewController.m */; };
		14E280AC11F630B500DF10E5 /* HatenaSyntaxCell.m in Sources */ = {isa = PBXBuildFile; fileRef = 14E280AB11F630B500DF10E5 /* HatenaSyntaxCell.m */; };
		14E2811311F6479A00DF10E5 /* MyBookmarkAPI.m in Sources */ = {isa = PBXBuildFile; fileRef = 14E2811211F6479A00DF10E5 /* MyBookmarkAPI.m */; };
		14E2813011F64D8300DF10E5 /* AddBookmarkViewController.m in Sources */ = {isa = PBXBuildFile; fileRef = 14E2812F11F64D8300DF10E5 /* AddBookmarkViewController.m */; };
		14F66B5C11F4A502009A123B /* dotted-pattern.png in Resources */ = {isa = PBXBuildFile; fileRef = 14F66B5A11F4A502009A123B /* dotted-pattern.png */; };
		14F66B5D11F4A502009A123B /* dotted-pattern@2x.png in Resources */ = {isa = PBXBuildFile; fileRef = 14F66B5B11F4A502009A123B /* dotted-pattern@2x.png */; };
		14F66BD011F4B088009A123B /* dot@2x.png in Resources */ = {isa = PBXBuildFile; fileRef = 14F66BCF11F4B088009A123B /* dot@2x.png */; };
		14F66BD911F4B0B7009A123B /* dot.png in Resources */ = {isa = PBXBuildFile; fileRef = 14F66BD811F4B0B7009A123B /* dot.png */; };
		14F66C5511F4CD02009A123B /* Default@2x.png in Resources */ = {isa = PBXBuildFile; fileRef = 14F66C5311F4CD02009A123B /* Default@2x.png */; };
		14F66C5611F4CD02009A123B /* Default.png in Resources */ = {isa = PBXBuildFile; fileRef = 14F66C5411F4CD02009A123B /* Default.png */; };
		1D3623260D0F684500981E51 /* HatenaTouchAppDelegate.m in Sources */ = {isa = PBXBuildFile; fileRef = 1D3623250D0F684500981E51 /* HatenaTouchAppDelegate.m */; };
		1D60589B0D05DD56006BFB54 /* main.m in Sources */ = {isa = PBXBuildFile; fileRef = 29B97316FDCFA39411CA2CEA /* main.m */; };
		1D60589F0D05DD5A006BFB54 /* Foundation.framework in Frameworks */ = {isa = PBXBuildFile; fileRef = 1D30AB110D05D00D00671497 /* Foundation.framework */; };
		1DF5F4E00D08C38300B7A737 /* UIKit.framework in Frameworks */ = {isa = PBXBuildFile; fileRef = 1DF5F4DF0D08C38300B7A737 /* UIKit.framework */; };
		2892E4100DC94CBA00A64D0F /* CoreGraphics.framework in Frameworks */ = {isa = PBXBuildFile; fileRef = 2892E40F0DC94CBA00A64D0F /* CoreGraphics.framework */; };
		28AD73600D9D9599002E5188 /* MainWindow.xib in Resources */ = {isa = PBXBuildFile; fileRef = 28AD735F0D9D9599002E5188 /* MainWindow.xib */; };
		28C286E10D94DF7D0034E888 /* RootViewController.m in Sources */ = {isa = PBXBuildFile; fileRef = 28C286E00D94DF7D0034E888 /* RootViewController.m */; };
/* End PBXBuildFile section */

/* Begin PBXFileReference section */
		142595B111F27435005024A9 /* FotolifeUploader.h */ = {isa = PBXFileReference; fileEncoding = 4; lastKnownFileType = sourcecode.c.h; path = FotolifeUploader.h; sourceTree = "<group>"; };
		142595B211F27435005024A9 /* FotolifeUploader.m */ = {isa = PBXFileReference; fileEncoding = 4; lastKnownFileType = sourcecode.c.objc; path = FotolifeUploader.m; sourceTree = "<group>"; };
		1425960811F27B9A005024A9 /* DiaryUploader.h */ = {isa = PBXFileReference; fileEncoding = 4; lastKnownFileType = sourcecode.c.h; path = DiaryUploader.h; sourceTree = "<group>"; };
		1425960911F27B9A005024A9 /* DiaryUploader.m */ = {isa = PBXFileReference; fileEncoding = 4; lastKnownFileType = sourcecode.c.objc; path = DiaryUploader.m; sourceTree = "<group>"; };
		14358EF311F7EED500D5F86D /* Reachability.h */ = {isa = PBXFileReference; fileEncoding = 4; lastKnownFileType = sourcecode.c.h; path = Reachability.h; sourceTree = "<group>"; };
		14358EF411F7EED500D5F86D /* Reachability.m */ = {isa = PBXFileReference; fileEncoding = 4; lastKnownFileType = sourcecode.c.objc; path = Reachability.m; sourceTree = "<group>"; };
		14358F1911F7F38E00D5F86D /* InternetReachability.h */ = {isa = PBXFileReference; fileEncoding = 4; lastKnownFileType = sourcecode.c.h; path = InternetReachability.h; sourceTree = "<group>"; };
		14358F1A11F7F38E00D5F86D /* InternetReachability.m */ = {isa = PBXFileReference; fileEncoding = 4; lastKnownFileType = sourcecode.c.objc; path = InternetReachability.m; sourceTree = "<group>"; };
		14358F6011F7F5E300D5F86D /* English */ = {isa = PBXFileReference; fileEncoding = 4; lastKnownFileType = text.html; name = English; path = English.lproj/help.html; sourceTree = "<group>"; };
		14358F6111F7F5E300D5F86D /* Japanese */ = {isa = PBXFileReference; fileEncoding = 4; lastKnownFileType = text.html; name = Japanese; path = Japanese.lproj/help.html; sourceTree = "<group>"; };
		14358F6311F7F5F800D5F86D /* HelpViewController.h */ = {isa = PBXFileReference; fileEncoding = 4; lastKnownFileType = sourcecode.c.h; path = HelpViewController.h; sourceTree = "<group>"; };
		14358F6411F7F5F800D5F86D /* HelpViewController.m */ = {isa = PBXFileReference; fileEncoding = 4; lastKnownFileType = sourcecode.c.objc; path = HelpViewController.m; sourceTree = "<group>"; };
		1467A7FD11EABCBA00A5E334 /* English */ = {isa = PBXFileReference; fileEncoding = 10; lastKnownFileType = text.plist.strings; lineEnding = 0; name = English; path = English.lproj/InfoPlist.strings; sourceTree = "<group>"; };
		1467A7FF11EABCC600A5E334 /* English */ = {isa = PBXFileReference; fileEncoding = 10; lastKnownFileType = text.plist.strings; lineEnding = 0; name = English; path = English.lproj/Localizable.strings; sourceTree = "<group>"; };
		1467A80311EABCDB00A5E334 /* Japanese */ = {isa = PBXFileReference; fileEncoding = 10; lastKnownFileType = text.plist.strings; lineEnding = 0; name = Japanese; path = Japanese.lproj/InfoPlist.strings; sourceTree = "<group>"; };
		1467A80611EABCEC00A5E334 /* Japanese */ = {isa = PBXFileReference; fileEncoding = 10; lastKnownFileType = text.plist.strings; lineEnding = 0; name = Japanese; path = Japanese.lproj/Localizable.strings; sourceTree = "<group>"; };
		1467A81E11EABE6000A5E334 /* HotEntryViewController.h */ = {isa = PBXFileReference; fileEncoding = 4; lastKnownFileType = sourcecode.c.h; path = HotEntryViewController.h; sourceTree = "<group>"; };
		1467A81F11EABE6000A5E334 /* HotEntryViewController.m */ = {isa = PBXFileReference; fileEncoding = 4; lastKnownFileType = sourcecode.c.objc; path = HotEntryViewController.m; sourceTree = "<group>"; };
		1467A82111EABE6D00A5E334 /* MyBookmarkViewController.h */ = {isa = PBXFileReference; fileEncoding = 4; lastKnownFileType = sourcecode.c.h; path = MyBookmarkViewController.h; sourceTree = "<group>"; };
		1467A82211EABE6D00A5E334 /* MyBookmarkViewController.m */ = {isa = PBXFileReference; fileEncoding = 4; lastKnownFileType = sourcecode.c.objc; path = MyBookmarkViewController.m; sourceTree = "<group>"; };
		1467A83A11EAC38500A5E334 /* QuartzCore.framework */ = {isa = PBXFileReference; lastKnownFileType = wrapper.framework; name = QuartzCore.framework; path = System/Library/Frameworks/QuartzCore.framework; sourceTree = SDKROOT; };
		1467A83C11EAC38C00A5E334 /* SystemConfiguration.framework */ = {isa = PBXFileReference; lastKnownFileType = wrapper.framework; name = SystemConfiguration.framework; path = System/Library/Frameworks/SystemConfiguration.framework; sourceTree = SDKROOT; };
		1467A83E11EAC39300A5E334 /* iAd.framework */ = {isa = PBXFileReference; lastKnownFileType = wrapper.framework; name = iAd.framework; path = System/Library/Frameworks/iAd.framework; sourceTree = SDKROOT; };
		1467A84211EAC39B00A5E334 /* libxml2.dylib */ = {isa = PBXFileReference; lastKnownFileType = "compiled.mach-o.dylib"; name = libxml2.dylib; path = usr/lib/libxml2.dylib; sourceTree = SDKROOT; };
		1467A8BD11EB346500A5E334 /* HatenaRSSParser.h */ = {isa = PBXFileReference; fileEncoding = 4; lastKnownFileType = sourcecode.c.h; path = HatenaRSSParser.h; sourceTree = "<group>"; };
		1467A8BE11EB346500A5E334 /* HatenaRSSParser.m */ = {isa = PBXFileReference; fileEncoding = 4; lastKnownFileType = sourcecode.c.objc; path = HatenaRSSParser.m; sourceTree = "<group>"; };
		1467A95411EB48B200A5E334 /* EntryCell.h */ = {isa = PBXFileReference; fileEncoding = 4; lastKnownFileType = sourcecode.c.h; path = EntryCell.h; sourceTree = "<group>"; };
		1467A95511EB48B200A5E334 /* EntryCell.m */ = {isa = PBXFileReference; fileEncoding = 4; lastKnownFileType = sourcecode.c.objc; path = EntryCell.m; sourceTree = "<group>"; };
		1467AB0311EB824200A5E334 /* WebViewController.h */ = {isa = PBXFileReference; fileEncoding = 4; lastKnownFileType = sourcecode.c.h; path = WebViewController.h; sourceTree = "<group>"; };
		1467AB0411EB824200A5E334 /* WebViewController.m */ = {isa = PBXFileReference; fileEncoding = 4; lastKnownFileType = sourcecode.c.objc; path = WebViewController.m; sourceTree = "<group>"; };
		1467ABBB11EB89DD00A5E334 /* NavBack.png */ = {isa = PBXFileReference; lastKnownFileType = image.png; path = NavBack.png; sourceTree = "<group>"; };
		1467ABBC11EB89DD00A5E334 /* NavBack@2x.png */ = {isa = PBXFileReference; lastKnownFileType = image.png; path = "NavBack@2x.png"; sourceTree = "<group>"; };
		1467ABBF11EB89DD00A5E334 /* NavForward.png */ = {isa = PBXFileReference; lastKnownFileType = image.png; path = NavForward.png; sourceTree = "<group>"; };
		1467ABC011EB89DD00A5E334 /* NavForward@2x.png */ = {isa = PBXFileReference; lastKnownFileType = image.png; path = "NavForward@2x.png"; sourceTree = "<group>"; };
		1467ABDA11EB8C2C00A5E334 /* RecentEntryViewController.h */ = {isa = PBXFileReference; fileEncoding = 4; lastKnownFileType = sourcecode.c.h; path = RecentEntryViewController.h; sourceTree = "<group>"; };
		1467ABDB11EB8C2C00A5E334 /* RecentEntryViewController.m */ = {isa = PBXFileReference; fileEncoding = 4; lastKnownFileType = sourcecode.c.objc; path = RecentEntryViewController.m; sourceTree = "<group>"; };
		1467ABF311EB959D00A5E334 /* CommentViewController.h */ = {isa = PBXFileReference; fileEncoding = 4; lastKnownFileType = sourcecode.c.h; path = CommentViewController.h; sourceTree = "<group>"; };
		1467ABF411EB959D00A5E334 /* CommentViewController.m */ = {isa = PBXFileReference; fileEncoding = 4; lastKnownFileType = sourcecode.c.objc; path = CommentViewController.m; sourceTree = "<group>"; };
		1467ABFF11EB988100A5E334 /* JSON.h */ = {isa = PBXFileReference; fileEncoding = 4; lastKnownFileType = sourcecode.c.h; path = JSON.h; sourceTree = "<group>"; };
		1467AC0011EB988100A5E334 /* NSObject+SBJSON.h */ = {isa = PBXFileReference; fileEncoding = 4; lastKnownFileType = sourcecode.c.h; path = "NSObject+SBJSON.h"; sourceTree = "<group>"; };
		1467AC0111EB988100A5E334 /* NSObject+SBJSON.m */ = {isa = PBXFileReference; fileEncoding = 4; lastKnownFileType = sourcecode.c.objc; path = "NSObject+SBJSON.m"; sourceTree = "<group>"; };
		1467AC0211EB988100A5E334 /* NSString+SBJSON.h */ = {isa = PBXFileReference; fileEncoding = 4; lastKnownFileType = sourcecode.c.h; path = "NSString+SBJSON.h"; sourceTree = "<group>"; };
		1467AC0311EB988100A5E334 /* NSString+SBJSON.m */ = {isa = PBXFileReference; fileEncoding = 4; lastKnownFileType = sourcecode.c.objc; path = "NSString+SBJSON.m"; sourceTree = "<group>"; };
		1467AC0411EB988100A5E334 /* SBJSON.h */ = {isa = PBXFileReference; fileEncoding = 4; lastKnownFileType = sourcecode.c.h; path = SBJSON.h; sourceTree = "<group>"; };
		1467AC0511EB988100A5E334 /* SBJSON.m */ = {isa = PBXFileReference; fileEncoding = 4; lastKnownFileType = sourcecode.c.objc; path = SBJSON.m; sourceTree = "<group>"; };
		1467AC0611EB988100A5E334 /* SBJsonBase.h */ = {isa = PBXFileReference; fileEncoding = 4; lastKnownFileType = sourcecode.c.h; path = SBJsonBase.h; sourceTree = "<group>"; };
		1467AC0711EB988100A5E334 /* SBJsonBase.m */ = {isa = PBXFileReference; fileEncoding = 4; lastKnownFileType = sourcecode.c.objc; path = SBJsonBase.m; sourceTree = "<group>"; };
		1467AC0811EB988100A5E334 /* SBJsonParser.h */ = {isa = PBXFileReference; fileEncoding = 4; lastKnownFileType = sourcecode.c.h; path = SBJsonParser.h; sourceTree = "<group>"; };
		1467AC0911EB988100A5E334 /* SBJsonParser.m */ = {isa = PBXFileReference; fileEncoding = 4; lastKnownFileType = sourcecode.c.objc; path = SBJsonParser.m; sourceTree = "<group>"; };
		1467AC0A11EB988100A5E334 /* SBJsonWriter.h */ = {isa = PBXFileReference; fileEncoding = 4; lastKnownFileType = sourcecode.c.h; path = SBJsonWriter.h; sourceTree = "<group>"; };
		1467AC0B11EB988100A5E334 /* SBJsonWriter.m */ = {isa = PBXFileReference; fileEncoding = 4; lastKnownFileType = sourcecode.c.objc; path = SBJsonWriter.m; sourceTree = "<group>"; };
		1467AC2611EB9BA200A5E334 /* comments_small.png */ = {isa = PBXFileReference; lastKnownFileType = image.png; path = comments_small.png; sourceTree = "<group>"; };
		1467AC2711EB9BA200A5E334 /* comments_small@2x.png */ = {isa = PBXFileReference; lastKnownFileType = image.png; path = "comments_small@2x.png"; sourceTree = "<group>"; };
		14719F1111F546F300A799D9 /* bookmark_small.png */ = {isa = PBXFileReference; lastKnownFileType = image.png; path = bookmark_small.png; sourceTree = "<group>"; };
		14719F1211F546F300A799D9 /* bookmark_small@2x.png */ = {isa = PBXFileReference; lastKnownFileType = image.png; path = "bookmark_small@2x.png"; sourceTree = "<group>"; };
		1487F9B916059CDD001AD45A /* Default-568h@2x.png */ = {isa = PBXFileReference; lastKnownFileType = image.png; path = "Default-568h@2x.png"; sourceTree = "<group>"; };
		148966E011F102990013EBEC /* arrow_left_small.png */ = {isa = PBXFileReference; lastKnownFileType = image.png; path = arrow_left_small.png; sourceTree = "<group>"; };
		148966E111F102990013EBEC /* arrow_left_small@2x.png */ = {isa = PBXFileReference; lastKnownFileType = image.png; path = "arrow_left_small@2x.png"; sourceTree = "<group>"; };
		1489676011F112C20013EBEC /* CommentCell.h */ = {isa = PBXFileReference; fileEncoding = 4; lastKnownFileType = sourcecode.c.h; path = CommentCell.h; sourceTree = "<group>"; };
		1489676111F112C20013EBEC /* CommentCell.m */ = {isa = PBXFileReference; fileEncoding = 4; lastKnownFileType = sourcecode.c.objc; path = CommentCell.m; sourceTree = "<group>"; };
		1489684F11F124970013EBEC /* SettingViewController.h */ = {isa = PBXFileReference; fileEncoding = 4; lastKnownFileType = sourcecode.c.h; path = SettingViewController.h; sourceTree = "<group>"; };
		1489685011F124970013EBEC /* SettingViewController.m */ = {isa = PBXFileReference; fileEncoding = 4; lastKnownFileType = sourcecode.c.objc; path = SettingViewController.m; sourceTree = "<group>"; };
		148968AD11F12CFF0013EBEC /* UserSettings.h */ = {isa = PBXFileReference; fileEncoding = 4; lastKnownFileType = sourcecode.c.h; path = UserSettings.h; sourceTree = "<group>"; };
		148968AE11F12CFF0013EBEC /* UserSettings.m */ = {isa = PBXFileReference; fileEncoding = 4; lastKnownFileType = sourcecode.c.objc; path = UserSettings.m; sourceTree = "<group>"; };
		14896AEE11F140630013EBEC /* HatenaAtomPub.h */ = {isa = PBXFileReference; fileEncoding = 4; lastKnownFileType = sourcecode.c.h; path = HatenaAtomPub.h; sourceTree = "<group>"; };
		14896AEF11F140630013EBEC /* HatenaAtomPub.m */ = {isa = PBXFileReference; fileEncoding = 4; lastKnownFileType = sourcecode.c.objc; path = HatenaAtomPub.m; sourceTree = "<group>"; };
		14896B4811F143150013EBEC /* CocoaCryptoHashing.h */ = {isa = PBXFileReference; fileEncoding = 4; lastKnownFileType = sourcecode.c.h; path = CocoaCryptoHashing.h; sourceTree = "<group>"; };
		14896B4911F143150013EBEC /* CocoaCryptoHashing.m */ = {isa = PBXFileReference; fileEncoding = 4; lastKnownFileType = sourcecode.c.objc; path = CocoaCryptoHashing.m; sourceTree = "<group>"; };
		14896B5611F143BE0013EBEC /* NSData+Base64.h */ = {isa = PBXFileReference; fileEncoding = 4; lastKnownFileType = sourcecode.c.h; path = "NSData+Base64.h"; sourceTree = "<group>"; };
		14896B5711F143BE0013EBEC /* NSData+Base64.m */ = {isa = PBXFileReference; fileEncoding = 4; lastKnownFileType = sourcecode.c.objc; path = "NSData+Base64.m"; sourceTree = "<group>"; };
		14896B9C11F148E20013EBEC /* MyBookmarkFeedParser.h */ = {isa = PBXFileReference; fileEncoding = 4; lastKnownFileType = sourcecode.c.h; path = MyBookmarkFeedParser.h; sourceTree = "<group>"; };
		14896B9D11F148E20013EBEC /* MyBookmarkFeedParser.m */ = {isa = PBXFileReference; fileEncoding = 4; lastKnownFileType = sourcecode.c.objc; path = MyBookmarkFeedParser.m; sourceTree = "<group>"; };
		14896D0511F162B20013EBEC /* NetworkActivityManager.h */ = {isa = PBXFileReference; fileEncoding = 4; lastKnownFileType = sourcecode.c.h; path = NetworkActivityManager.h; sourceTree = "<group>"; };
		14896D0611F162B20013EBEC /* NetworkActivityManager.m */ = {isa = PBXFileReference; fileEncoding = 4; lastKnownFileType = sourcecode.c.objc; path = NetworkActivityManager.m; sourceTree = "<group>"; };
		14896D7F11F1DE880013EBEC /* DiaryListViewController.h */ = {isa = PBXFileReference; fileEncoding = 4; lastKnownFileType = sourcecode.c.h; path = DiaryListViewController.h; sourceTree = "<group>"; };
		14896D8011F1DE880013EBEC /* DiaryListViewController.m */ = {isa = PBXFileReference; fileEncoding = 4; lastKnownFileType = sourcecode.c.objc; path = DiaryListViewController.m; sourceTree = "<group>"; };
		14896DA511F1DFE90013EBEC /* DiaryCell.h */ = {isa = PBXFileReference; fileEncoding = 4; lastKnownFileType = sourcecode.c.h; path = DiaryCell.h; sourceTree = "<group>"; };
		14896DA611F1DFE90013EBEC /* DiaryCell.m */ = {isa = PBXFileReference; fileEncoding = 4; lastKnownFileType = sourcecode.c.objc; path = DiaryCell.m; sourceTree = "<group>"; };
		14896DD011F1E41B0013EBEC /* DiaryFeedParser.h */ = {isa = PBXFileReference; fileEncoding = 4; lastKnownFileType = sourcecode.c.h; path = DiaryFeedParser.h; sourceTree = "<group>"; };
		14896DD111F1E41B0013EBEC /* DiaryFeedParser.m */ = {isa = PBXFileReference; fileEncoding = 4; lastKnownFileType = sourcecode.c.objc; path = DiaryFeedParser.m; sourceTree = "<group>"; };
		14896E5011F200480013EBEC /* DiaryViewController.h */ = {isa = PBXFileReference; fileEncoding = 4; lastKnownFileType = sourcecode.c.h; path = DiaryViewController.h; sourceTree = "<group>"; };
		14896E5111F200480013EBEC /* DiaryViewController.m */ = {isa = PBXFileReference; fileEncoding = 4; lastKnownFileType = sourcecode.c.objc; path = DiaryViewController.m; sourceTree = "<group>"; };
		14896FB211F22E1C0013EBEC /* clipboard_small.png */ = {isa = PBXFileReference; lastKnownFileType = image.png; path = clipboard_small.png; sourceTree = "<group>"; };
		14896FB311F22E1C0013EBEC /* clipboard_small@2x.png */ = {isa = PBXFileReference; lastKnownFileType = image.png; path = "clipboard_small@2x.png"; sourceTree = "<group>"; };
		14896FB611F22E280013EBEC /* camera_small.png */ = {isa = PBXFileReference; lastKnownFileType = image.png; path = camera_small.png; sourceTree = "<group>"; };
		14896FB711F22E280013EBEC /* camera_small@2x.png */ = {isa = PBXFileReference; lastKnownFileType = image.png; path = "camera_small@2x.png"; sourceTree = "<group>"; };
		14896FBA11F22E380013EBEC /* images_small.png */ = {isa = PBXFileReference; lastKnownFileType = image.png; path = images_small.png; sourceTree = "<group>"; };
		14896FBB11F22E380013EBEC /* images_small@2x.png */ = {isa = PBXFileReference; lastKnownFileType = image.png; path = "images_small@2x.png"; sourceTree = "<group>"; };
		14896FED11F234D10013EBEC /* Diary.h */ = {isa = PBXFileReference; fileEncoding = 4; lastKnownFileType = sourcecode.c.h; path = Diary.h; sourceTree = "<group>"; };
		14896FEE11F234D10013EBEC /* Diary.m */ = {isa = PBXFileReference; fileEncoding = 4; lastKnownFileType = sourcecode.c.objc; path = Diary.m; sourceTree = "<group>"; };
		14896FF511F23D6A0013EBEC /* NSString+XMLExtensions.h */ = {isa = PBXFileReference; fileEncoding = 4; lastKnownFileType = sourcecode.c.h; path = "NSString+XMLExtensions.h"; sourceTree = "<group>"; };
		14896FF611F23D6A0013EBEC /* NSString+XMLExtensions.m */ = {isa = PBXFileReference; fileEncoding = 4; lastKnownFileType = sourcecode.c.objc; path = "NSString+XMLExtensions.m"; sourceTree = "<group>"; };
		148970A211F249970013EBEC /* ImagePreviewViewController.h */ = {isa = PBXFileReference; fileEncoding = 4; lastKnownFileType = sourcecode.c.h; path = ImagePreviewViewController.h; sourceTree = "<group>"; };
		148970A311F249970013EBEC /* ImagePreviewViewController.m */ = {isa = PBXFileReference; fileEncoding = 4; lastKnownFileType = sourcecode.c.objc; path = ImagePreviewViewController.m; sourceTree = "<group>"; };
		1489715811F258E90013EBEC /* HatenaAtomPubResponseParser.h */ = {isa = PBXFileReference; fileEncoding = 4; lastKnownFileType = sourcecode.c.h; path = HatenaAtomPubResponseParser.h; sourceTree = "<group>"; };
		1489715911F258E90013EBEC /* HatenaAtomPubResponseParser.m */ = {isa = PBXFileReference; fileEncoding = 4; lastKnownFileType = sourcecode.c.objc; path = HatenaAtomPubResponseParser.m; sourceTree = "<group>"; };
		14C4B5B6160A2C0C0063EC73 /* UIImage+Utilities.h */ = {isa = PBXFileReference; fileEncoding = 4; lastKnownFileType = sourcecode.c.h; path = "UIImage+Utilities.h"; sourceTree = "<group>"; };
		14C4B5B7160A2C0C0063EC73 /* UIImage+Utilities.m */ = {isa = PBXFileReference; fileEncoding = 4; lastKnownFileType = sourcecode.c.objc; path = "UIImage+Utilities.m"; sourceTree = "<group>"; };
		14C4B5BD160A37420063EC73 /* Icon.png */ = {isa = PBXFileReference; lastKnownFileType = image.png; path = Icon.png; sourceTree = "<group>"; };
		14C4B5BE160A37420063EC73 /* Icon@2x.png */ = {isa = PBXFileReference; lastKnownFileType = image.png; path = "Icon@2x.png"; sourceTree = "<group>"; };
		14C4B5C1160A37AF0063EC73 /* Icon-Small.png */ = {isa = PBXFileReference; lastKnownFileType = image.png; path = "Icon-Small.png"; sourceTree = "<group>"; };
		14C4B5C2160A37AF0063EC73 /* Icon-Small@2x.png */ = {isa = PBXFileReference; lastKnownFileType = image.png; path = "Icon-Small@2x.png"; sourceTree = "<group>"; };
		14DDEB1711F602CA0012958C /* HatenaSyntaxViewController.h */ = {isa = PBXFileReference; fileEncoding = 4; lastKnownFileType = sourcecode.c.h; path = HatenaSyntaxViewController.h; sourceTree = "<group>"; };
		14DDEB1811F602CA0012958C /* HatenaSyntaxViewController.m */ = {isa = PBXFileReference; fileEncoding = 4; lastKnownFileType = sourcecode.c.objc; path = HatenaSyntaxViewController.m; sourceTree = "<group>"; };
		14E280AA11F630B500DF10E5 /* HatenaSyntaxCell.h */ = {isa = PBXFileReference; fileEncoding = 4; lastKnownFileType = sourcecode.c.h; path = HatenaSyntaxCell.h; sourceTree = "<group>"; };
		14E280AB11F630B500DF10E5 /* HatenaSyntaxCell.m */ = {isa = PBXFileReference; fileEncoding = 4; lastKnownFileType = sourcecode.c.objc; path = HatenaSyntaxCell.m; sourceTree = "<group>"; };
		14E2811111F6479A00DF10E5 /* MyBookmarkAPI.h */ = {isa = PBXFileReference; fileEncoding = 4; lastKnownFileType = sourcecode.c.h; path = MyBookmarkAPI.h; sourceTree = "<group>"; };
		14E2811211F6479A00DF10E5 /* MyBookmarkAPI.m */ = {isa = PBXFileReference; fileEncoding = 4; lastKnownFileType = sourcecode.c.objc; path = MyBookmarkAPI.m; sourceTree = "<group>"; };
		14E2812E11F64D8300DF10E5 /* AddBookmarkViewController.h */ = {isa = PBXFileReference; fileEncoding = 4; lastKnownFileType = sourcecode.c.h; path = AddBookmarkViewController.h; sourceTree = "<group>"; };
		14E2812F11F64D8300DF10E5 /* AddBookmarkViewController.m */ = {isa = PBXFileReference; fileEncoding = 4; lastKnownFileType = sourcecode.c.objc; path = AddBookmarkViewController.m; sourceTree = "<group>"; };
		14F66B5A11F4A502009A123B /* dotted-pattern.png */ = {isa = PBXFileReference; lastKnownFileType = image.png; path = "dotted-pattern.png"; sourceTree = "<group>"; };
		14F66B5B11F4A502009A123B /* dotted-pattern@2x.png */ = {isa = PBXFileReference; lastKnownFileType = image.png; path = "dotted-pattern@2x.png"; sourceTree = "<group>"; };
		14F66BCF11F4B088009A123B /* dot@2x.png */ = {isa = PBXFileReference; lastKnownFileType = image.png; path = "dot@2x.png"; sourceTree = "<group>"; };
		14F66BD811F4B0B7009A123B /* dot.png */ = {isa = PBXFileReference; lastKnownFileType = image.png; path = dot.png; sourceTree = "<group>"; };
		14F66C5311F4CD02009A123B /* Default@2x.png */ = {isa = PBXFileReference; lastKnownFileType = image.png; path = "Default@2x.png"; sourceTree = "<group>"; };
		14F66C5411F4CD02009A123B /* Default.png */ = {isa = PBXFileReference; lastKnownFileType = image.png; path = Default.png; sourceTree = "<group>"; };
		1D30AB110D05D00D00671497 /* Foundation.framework */ = {isa = PBXFileReference; lastKnownFileType = wrapper.framework; name = Foundation.framework; path = System/Library/Frameworks/Foundation.framework; sourceTree = SDKROOT; };
		1D3623240D0F684500981E51 /* HatenaTouchAppDelegate.h */ = {isa = PBXFileReference; fileEncoding = 4; lastKnownFileType = sourcecode.c.h; path = HatenaTouchAppDelegate.h; sourceTree = "<group>"; };
		1D3623250D0F684500981E51 /* HatenaTouchAppDelegate.m */ = {isa = PBXFileReference; fileEncoding = 4; lastKnownFileType = sourcecode.c.objc; path = HatenaTouchAppDelegate.m; sourceTree = "<group>"; };
		1D6058910D05DD3D006BFB54 /* HatenaTouch.app */ = {isa = PBXFileReference; explicitFileType = wrapper.application; includeInIndex = 0; path = HatenaTouch.app; sourceTree = BUILT_PRODUCTS_DIR; };
		1DF5F4DF0D08C38300B7A737 /* UIKit.framework */ = {isa = PBXFileReference; lastKnownFileType = wrapper.framework; name = UIKit.framework; path = System/Library/Frameworks/UIKit.framework; sourceTree = SDKROOT; };
		2892E40F0DC94CBA00A64D0F /* CoreGraphics.framework */ = {isa = PBXFileReference; lastKnownFileType = wrapper.framework; name = CoreGraphics.framework; path = System/Library/Frameworks/CoreGraphics.framework; sourceTree = SDKROOT; };
		28A0AAE50D9B0CCF005BE974 /* HatenaTouch_Prefix.pch */ = {isa = PBXFileReference; fileEncoding = 4; lastKnownFileType = sourcecode.c.h; path = HatenaTouch_Prefix.pch; sourceTree = "<group>"; };
		28AD735F0D9D9599002E5188 /* MainWindow.xib */ = {isa = PBXFileReference; lastKnownFileType = file.xib; path = MainWindow.xib; sourceTree = "<group>"; };
		28C286DF0D94DF7D0034E888 /* RootViewController.h */ = {isa = PBXFileReference; fileEncoding = 4; lastKnownFileType = sourcecode.c.h; path = RootViewController.h; sourceTree = "<group>"; };
		28C286E00D94DF7D0034E888 /* RootViewController.m */ = {isa = PBXFileReference; fileEncoding = 4; lastKnownFileType = sourcecode.c.objc; path = RootViewController.m; sourceTree = "<group>"; };
		29B97316FDCFA39411CA2CEA /* main.m */ = {isa = PBXFileReference; fileEncoding = 4; lastKnownFileType = sourcecode.c.objc; path = main.m; sourceTree = "<group>"; };
		8D1107310486CEB800E47090 /* HatenaTouch-Info.plist */ = {isa = PBXFileReference; fileEncoding = 4; lastKnownFileType = text.plist.xml; path = "HatenaTouch-Info.plist"; plistStructureDefinitionIdentifier = "com.apple.xcode.plist.structure-definition.iphone.info-plist"; sourceTree = "<group>"; };
/* End PBXFileReference section */

/* Begin PBXFrameworksBuildPhase section */
		1D60588F0D05DD3D006BFB54 /* Frameworks */ = {
			isa = PBXFrameworksBuildPhase;
			buildActionMask = 2147483647;
			files = (
				1D60589F0D05DD5A006BFB54 /* Foundation.framework in Frameworks */,
				1DF5F4E00D08C38300B7A737 /* UIKit.framework in Frameworks */,
				2892E4100DC94CBA00A64D0F /* CoreGraphics.framework in Frameworks */,
				1467A83B11EAC38500A5E334 /* QuartzCore.framework in Frameworks */,
				1467A83D11EAC38C00A5E334 /* SystemConfiguration.framework in Frameworks */,
				1467A83F11EAC39300A5E334 /* iAd.framework in Frameworks */,
				1467A84311EAC39B00A5E334 /* libxml2.dylib in Frameworks */,
			);
			runOnlyForDeploymentPostprocessing = 0;
		};
/* End PBXFrameworksBuildPhase section */

/* Begin PBXGroup section */
		080E96DDFE201D6D7F000001 /* Classes */ = {
			isa = PBXGroup;
			children = (
				1D3623240D0F684500981E51 /* HatenaTouchAppDelegate.h */,
				1D3623250D0F684500981E51 /* HatenaTouchAppDelegate.m */,
				28C286DF0D94DF7D0034E888 /* RootViewController.h */,
				28C286E00D94DF7D0034E888 /* RootViewController.m */,
				1467AB0311EB824200A5E334 /* WebViewController.h */,
				1467AB0411EB824200A5E334 /* WebViewController.m */,
				14E2812E11F64D8300DF10E5 /* AddBookmarkViewController.h */,
				14E2812F11F64D8300DF10E5 /* AddBookmarkViewController.m */,
				1467ABF311EB959D00A5E334 /* CommentViewController.h */,
				1467ABF411EB959D00A5E334 /* CommentViewController.m */,
				14896D7F11F1DE880013EBEC /* DiaryListViewController.h */,
				14896D8011F1DE880013EBEC /* DiaryListViewController.m */,
				14896E5011F200480013EBEC /* DiaryViewController.h */,
				14896E5111F200480013EBEC /* DiaryViewController.m */,
				148970A211F249970013EBEC /* ImagePreviewViewController.h */,
				148970A311F249970013EBEC /* ImagePreviewViewController.m */,
				14DDEB1711F602CA0012958C /* HatenaSyntaxViewController.h */,
				14DDEB1811F602CA0012958C /* HatenaSyntaxViewController.m */,
				1467A81E11EABE6000A5E334 /* HotEntryViewController.h */,
				1467A81F11EABE6000A5E334 /* HotEntryViewController.m */,
				1467ABDA11EB8C2C00A5E334 /* RecentEntryViewController.h */,
				1467ABDB11EB8C2C00A5E334 /* RecentEntryViewController.m */,
				1467A82111EABE6D00A5E334 /* MyBookmarkViewController.h */,
				1467A82211EABE6D00A5E334 /* MyBookmarkViewController.m */,
				1489684F11F124970013EBEC /* SettingViewController.h */,
				1489685011F124970013EBEC /* SettingViewController.m */,
				14358F6311F7F5F800D5F86D /* HelpViewController.h */,
				14358F6411F7F5F800D5F86D /* HelpViewController.m */,
				14896D0511F162B20013EBEC /* NetworkActivityManager.h */,
				14896D0611F162B20013EBEC /* NetworkActivityManager.m */,
				14358F1911F7F38E00D5F86D /* InternetReachability.h */,
				14358F1A11F7F38E00D5F86D /* InternetReachability.m */,
				14C4B5B6160A2C0C0063EC73 /* UIImage+Utilities.h */,
				14C4B5B7160A2C0C0063EC73 /* UIImage+Utilities.m */,
				14896FF211F234F30013EBEC /* Views */,
				14896FF011F234D70013EBEC /* API */,
				14896FF111F234E40013EBEC /* Data Models */,
				14896FF811F23D850013EBEC /* NSString+XMLExtensions */,
				14896D2A11F1D6C20013EBEC /* NSData+Base64 */,
				14896B2211F141370013EBEC /* CocoaCryptoHashing */,
				1467AC1211EB988700A5E334 /* JSON */,
				14358EF711F7EEDB00D5F86D /* Reachability */,
			);
			path = Classes;
			sourceTree = "<group>";
		};
		14358EF711F7EEDB00D5F86D /* Reachability */ = {
			isa = PBXGroup;
			children = (
				14358EF311F7EED500D5F86D /* Reachability.h */,
				14358EF411F7EED500D5F86D /* Reachability.m */,
			);
			name = Reachability;
			sourceTree = "<group>";
		};
		1467A9EE11EB530300A5E334 /* Images */ = {
			isa = PBXGroup;
			children = (
				14F66C5411F4CD02009A123B /* Default.png */,
				14F66C5311F4CD02009A123B /* Default@2x.png */,
				1487F9B916059CDD001AD45A /* Default-568h@2x.png */,
				14C4B5BD160A37420063EC73 /* Icon.png */,
				14C4B5BE160A37420063EC73 /* Icon@2x.png */,
				14C4B5C1160A37AF0063EC73 /* Icon-Small.png */,
				14C4B5C2160A37AF0063EC73 /* Icon-Small@2x.png */,
				148966E011F102990013EBEC /* arrow_left_small.png */,
				148966E111F102990013EBEC /* arrow_left_small@2x.png */,
				1467ABBB11EB89DD00A5E334 /* NavBack.png */,
				1467ABBC11EB89DD00A5E334 /* NavBack@2x.png */,
				1467ABBF11EB89DD00A5E334 /* NavForward.png */,
				1467ABC011EB89DD00A5E334 /* NavForward@2x.png */,
				14719F1111F546F300A799D9 /* bookmark_small.png */,
				14719F1211F546F300A799D9 /* bookmark_small@2x.png */,
				1467AC2611EB9BA200A5E334 /* comments_small.png */,
				1467AC2711EB9BA200A5E334 /* comments_small@2x.png */,
				14896FB211F22E1C0013EBEC /* clipboard_small.png */,
				14896FB311F22E1C0013EBEC /* clipboard_small@2x.png */,
				14896FBA11F22E380013EBEC /* images_small.png */,
				14896FBB11F22E380013EBEC /* images_small@2x.png */,
				14896FB611F22E280013EBEC /* camera_small.png */,
				14896FB711F22E280013EBEC /* camera_small@2x.png */,
				14F66BD811F4B0B7009A123B /* dot.png */,
				14F66BCF11F4B088009A123B /* dot@2x.png */,
				14F66B5A11F4A502009A123B /* dotted-pattern.png */,
				14F66B5B11F4A502009A123B /* dotted-pattern@2x.png */,
			);
			name = Images;
			sourceTree = "<group>";
		};
		1467AC1211EB988700A5E334 /* JSON */ = {
			isa = PBXGroup;
			children = (
				1467ABFF11EB988100A5E334 /* JSON.h */,
				1467AC0011EB988100A5E334 /* NSObject+SBJSON.h */,
				1467AC0111EB988100A5E334 /* NSObject+SBJSON.m */,
				1467AC0211EB988100A5E334 /* NSString+SBJSON.h */,
				1467AC0311EB988100A5E334 /* NSString+SBJSON.m */,
				1467AC0411EB988100A5E334 /* SBJSON.h */,
				1467AC0511EB988100A5E334 /* SBJSON.m */,
				1467AC0611EB988100A5E334 /* SBJsonBase.h */,
				1467AC0711EB988100A5E334 /* SBJsonBase.m */,
				1467AC0811EB988100A5E334 /* SBJsonParser.h */,
				1467AC0911EB988100A5E334 /* SBJsonParser.m */,
				1467AC0A11EB988100A5E334 /* SBJsonWriter.h */,
				1467AC0B11EB988100A5E334 /* SBJsonWriter.m */,
			);
			name = JSON;
			sourceTree = "<group>";
		};
		14896B2211F141370013EBEC /* CocoaCryptoHashing */ = {
			isa = PBXGroup;
			children = (
				14896B4811F143150013EBEC /* CocoaCryptoHashing.h */,
				14896B4911F143150013EBEC /* CocoaCryptoHashing.m */,
			);
			name = CocoaCryptoHashing;
			sourceTree = "<group>";
		};
		14896D2A11F1D6C20013EBEC /* NSData+Base64 */ = {
			isa = PBXGroup;
			children = (
				14896B5611F143BE0013EBEC /* NSData+Base64.h */,
				14896B5711F143BE0013EBEC /* NSData+Base64.m */,
			);
			name = "NSData+Base64";
			sourceTree = "<group>";
		};
		14896FF011F234D70013EBEC /* API */ = {
			isa = PBXGroup;
			children = (
				1467A8BD11EB346500A5E334 /* HatenaRSSParser.h */,
				1467A8BE11EB346500A5E334 /* HatenaRSSParser.m */,
				14896DD011F1E41B0013EBEC /* DiaryFeedParser.h */,
				14896DD111F1E41B0013EBEC /* DiaryFeedParser.m */,
				14896B9C11F148E20013EBEC /* MyBookmarkFeedParser.h */,
				14896B9D11F148E20013EBEC /* MyBookmarkFeedParser.m */,
				14896AEE11F140630013EBEC /* HatenaAtomPub.h */,
				14896AEF11F140630013EBEC /* HatenaAtomPub.m */,
				1489715811F258E90013EBEC /* HatenaAtomPubResponseParser.h */,
				1489715911F258E90013EBEC /* HatenaAtomPubResponseParser.m */,
				14E2811111F6479A00DF10E5 /* MyBookmarkAPI.h */,
				14E2811211F6479A00DF10E5 /* MyBookmarkAPI.m */,
				1425960811F27B9A005024A9 /* DiaryUploader.h */,
				1425960911F27B9A005024A9 /* DiaryUploader.m */,
				142595B111F27435005024A9 /* FotolifeUploader.h */,
				142595B211F27435005024A9 /* FotolifeUploader.m */,
			);
			name = API;
			sourceTree = "<group>";
		};
		14896FF111F234E40013EBEC /* Data Models */ = {
			isa = PBXGroup;
			children = (
				14896FED11F234D10013EBEC /* Diary.h */,
				14896FEE11F234D10013EBEC /* Diary.m */,
				148968AD11F12CFF0013EBEC /* UserSettings.h */,
				148968AE11F12CFF0013EBEC /* UserSettings.m */,
			);
			name = "Data Models";
			sourceTree = "<group>";
		};
		14896FF211F234F30013EBEC /* Views */ = {
			isa = PBXGroup;
			children = (
				14896DA511F1DFE90013EBEC /* DiaryCell.h */,
				14896DA611F1DFE90013EBEC /* DiaryCell.m */,
				14E280AA11F630B500DF10E5 /* HatenaSyntaxCell.h */,
				14E280AB11F630B500DF10E5 /* HatenaSyntaxCell.m */,
				1467A95411EB48B200A5E334 /* EntryCell.h */,
				1467A95511EB48B200A5E334 /* EntryCell.m */,
				1489676011F112C20013EBEC /* CommentCell.h */,
				1489676111F112C20013EBEC /* CommentCell.m */,
			);
			name = Views;
			sourceTree = "<group>";
		};
		14896FF811F23D850013EBEC /* NSString+XMLExtensions */ = {
			isa = PBXGroup;
			children = (
				14896FF511F23D6A0013EBEC /* NSString+XMLExtensions.h */,
				14896FF611F23D6A0013EBEC /* NSString+XMLExtensions.m */,
			);
			name = "NSString+XMLExtensions";
			sourceTree = "<group>";
		};
		19C28FACFE9D520D11CA2CBB /* Products */ = {
			isa = PBXGroup;
			children = (
				1D6058910D05DD3D006BFB54 /* HatenaTouch.app */,
			);
			name = Products;
			sourceTree = "<group>";
		};
		29B97314FDCFA39411CA2CEA /* CustomTemplate */ = {
			isa = PBXGroup;
			children = (
				080E96DDFE201D6D7F000001 /* Classes */,
				29B97315FDCFA39411CA2CEA /* Other Sources */,
				29B97317FDCFA39411CA2CEA /* Resources */,
				29B97323FDCFA39411CA2CEA /* Frameworks */,
				19C28FACFE9D520D11CA2CBB /* Products */,
			);
			name = CustomTemplate;
			sourceTree = "<group>";
		};
		29B97315FDCFA39411CA2CEA /* Other Sources */ = {
			isa = PBXGroup;
			children = (
				28A0AAE50D9B0CCF005BE974 /* HatenaTouch_Prefix.pch */,
				29B97316FDCFA39411CA2CEA /* main.m */,
			);
			name = "Other Sources";
			sourceTree = "<group>";
		};
		29B97317FDCFA39411CA2CEA /* Resources */ = {
			isa = PBXGroup;
			children = (
				8D1107310486CEB800E47090 /* HatenaTouch-Info.plist */,
				1467A80111EABCD300A5E334 /* InfoPlist.strings */,
				1467A80411EABCE500A5E334 /* Localizable.strings */,
				14358F5F11F7F5E300D5F86D /* help.html */,
				28AD735F0D9D9599002E5188 /* MainWindow.xib */,
				1467A9EE11EB530300A5E334 /* Images */,
			);
			name = Resources;
			sourceTree = "<group>";
		};
		29B97323FDCFA39411CA2CEA /* Frameworks */ = {
			isa = PBXGroup;
			children = (
				1DF5F4DF0D08C38300B7A737 /* UIKit.framework */,
				1D30AB110D05D00D00671497 /* Foundation.framework */,
				2892E40F0DC94CBA00A64D0F /* CoreGraphics.framework */,
				1467A83A11EAC38500A5E334 /* QuartzCore.framework */,
				1467A83C11EAC38C00A5E334 /* SystemConfiguration.framework */,
				1467A83E11EAC39300A5E334 /* iAd.framework */,
				1467A84211EAC39B00A5E334 /* libxml2.dylib */,
			);
			name = Frameworks;
			sourceTree = "<group>";
		};
/* End PBXGroup section */

/* Begin PBXNativeTarget section */
		1D6058900D05DD3D006BFB54 /* HatenaTouch */ = {
			isa = PBXNativeTarget;
			buildConfigurationList = 1D6058960D05DD3E006BFB54 /* Build configuration list for PBXNativeTarget "HatenaTouch" */;
			buildPhases = (
				1D60588D0D05DD3D006BFB54 /* Resources */,
				1D60588E0D05DD3D006BFB54 /* Sources */,
				1D60588F0D05DD3D006BFB54 /* Frameworks */,
			);
			buildRules = (
			);
			dependencies = (
			);
			name = HatenaTouch;
			productName = HatenaTouch;
			productReference = 1D6058910D05DD3D006BFB54 /* HatenaTouch.app */;
			productType = "com.apple.product-type.application";
		};
/* End PBXNativeTarget section */

/* Begin PBXProject section */
		29B97313FDCFA39411CA2CEA /* Project object */ = {
			isa = PBXProject;
			attributes = {
				LastUpgradeCheck = 0450;
			};
			buildConfigurationList = C01FCF4E08A954540054247B /* Build configuration list for PBXProject "HatenaTouch" */;
			compatibilityVersion = "Xcode 3.2";
			developmentRegion = English;
			hasScannedForEncodings = 1;
			knownRegions = (
				English,
				Japanese,
				French,
				German,
				en,
			);
			mainGroup = 29B97314FDCFA39411CA2CEA /* CustomTemplate */;
			projectDirPath = "";
			projectRoot = "";
			targets = (
				1D6058900D05DD3D006BFB54 /* HatenaTouch */,
			);
		};
/* End PBXProject section */

/* Begin PBXResourcesBuildPhase section */
		1D60588D0D05DD3D006BFB54 /* Resources */ = {
			isa = PBXResourcesBuildPhase;
			buildActionMask = 2147483647;
			files = (
				28AD73600D9D9599002E5188 /* MainWindow.xib in Resources */,
				1467A80211EABCD300A5E334 /* InfoPlist.strings in Resources */,
				1467A80511EABCE500A5E334 /* Localizable.strings in Resources */,
				1467ABC311EB89DD00A5E334 /* NavBack.png in Resources */,
				1467ABC411EB89DD00A5E334 /* NavBack@2x.png in Resources */,
				1467ABC711EB89DD00A5E334 /* NavForward.png in Resources */,
				1467ABC811EB89DD00A5E334 /* NavForward@2x.png in Resources */,
				1467AC2E11EB9BA200A5E334 /* comments_small.png in Resources */,
				1467AC2F11EB9BA200A5E334 /* comments_small@2x.png in Resources */,
				148966E211F102990013EBEC /* arrow_left_small.png in Resources */,
				148966E311F102990013EBEC /* arrow_left_small@2x.png in Resources */,
				14896FB411F22E1C0013EBEC /* clipboard_small.png in Resources */,
				14896FB511F22E1C0013EBEC /* clipboard_small@2x.png in Resources */,
				14896FB811F22E280013EBEC /* camera_small.png in Resources */,
				14896FB911F22E280013EBEC /* camera_small@2x.png in Resources */,
				14896FBC11F22E380013EBEC /* images_small.png in Resources */,
				14896FBD11F22E380013EBEC /* images_small@2x.png in Resources */,
				14F66B5C11F4A502009A123B /* dotted-pattern.png in Resources */,
				14F66B5D11F4A502009A123B /* dotted-pattern@2x.png in Resources */,
				14F66BD011F4B088009A123B /* dot@2x.png in Resources */,
				14F66BD911F4B0B7009A123B /* dot.png in Resources */,
				14F66C5511F4CD02009A123B /* Default@2x.png in Resources */,
				14F66C5611F4CD02009A123B /* Default.png in Resources */,
				14719F1511F546F300A799D9 /* bookmark_small.png in Resources */,
				14719F1611F546F300A799D9 /* bookmark_small@2x.png in Resources */,
				14358F6211F7F5E300D5F86D /* help.html in Resources */,
				1487F9BA16059CDD001AD45A /* Default-568h@2x.png in Resources */,
				14C4B5BF160A37420063EC73 /* Icon.png in Resources */,
				14C4B5C0160A37420063EC73 /* Icon@2x.png in Resources */,
				14C4B5C3160A37AF0063EC73 /* Icon-Small.png in Resources */,
				14C4B5C4160A37AF0063EC73 /* Icon-Small@2x.png in Resources */,
			);
			runOnlyForDeploymentPostprocessing = 0;
		};
/* End PBXResourcesBuildPhase section */

/* Begin PBXSourcesBuildPhase section */
		1D60588E0D05DD3D006BFB54 /* Sources */ = {
			isa = PBXSourcesBuildPhase;
			buildActionMask = 2147483647;
			files = (
				1D60589B0D05DD56006BFB54 /* main.m in Sources */,
				1D3623260D0F684500981E51 /* HatenaTouchAppDelegate.m in Sources */,
				28C286E10D94DF7D0034E888 /* RootViewController.m in Sources */,
				1467A82011EABE6000A5E334 /* HotEntryViewController.m in Sources */,
				1467A82311EABE6D00A5E334 /* MyBookmarkViewController.m in Sources */,
				1467A8BF11EB346500A5E334 /* HatenaRSSParser.m in Sources */,
				1467A95611EB48B200A5E334 /* EntryCell.m in Sources */,
				1467AB0511EB824200A5E334 /* WebViewController.m in Sources */,
				1467ABDC11EB8C2C00A5E334 /* RecentEntryViewController.m in Sources */,
				1467ABF511EB959D00A5E334 /* CommentViewController.m in Sources */,
				1467AC0C11EB988100A5E334 /* NSObject+SBJSON.m in Sources */,
				1467AC0D11EB988100A5E334 /* NSString+SBJSON.m in Sources */,
				1467AC0E11EB988100A5E334 /* SBJSON.m in Sources */,
				1467AC0F11EB988100A5E334 /* SBJsonBase.m in Sources */,
				1467AC1011EB988100A5E334 /* SBJsonParser.m in Sources */,
				1467AC1111EB988100A5E334 /* SBJsonWriter.m in Sources */,
				1489676211F112C20013EBEC /* CommentCell.m in Sources */,
				1489685111F124970013EBEC /* SettingViewController.m in Sources */,
				148968AF11F12CFF0013EBEC /* UserSettings.m in Sources */,
				14896AF011F140630013EBEC /* HatenaAtomPub.m in Sources */,
				14896B4A11F143150013EBEC /* CocoaCryptoHashing.m in Sources */,
				14896B5811F143BE0013EBEC /* NSData+Base64.m in Sources */,
				14896B9E11F148E20013EBEC /* MyBookmarkFeedParser.m in Sources */,
				14896D0711F162B20013EBEC /* NetworkActivityManager.m in Sources */,
				14896D8111F1DE880013EBEC /* DiaryListViewController.m in Sources */,
				14896DA711F1DFE90013EBEC /* DiaryCell.m in Sources */,
				14896DD211F1E41B0013EBEC /* DiaryFeedParser.m in Sources */,
				14896E5211F200480013EBEC /* DiaryViewController.m in Sources */,
				14896FEF11F234D10013EBEC /* Diary.m in Sources */,
				14896FF711F23D6A0013EBEC /* NSString+XMLExtensions.m in Sources */,
				148970A411F249970013EBEC /* ImagePreviewViewController.m in Sources */,
				1489715A11F258E90013EBEC /* HatenaAtomPubResponseParser.m in Sources */,
				142595B311F27435005024A9 /* FotolifeUploader.m in Sources */,
				1425960A11F27B9A005024A9 /* DiaryUploader.m in Sources */,
				14DDEB1911F602CA0012958C /* HatenaSyntaxViewController.m in Sources */,
				14E280AC11F630B500DF10E5 /* HatenaSyntaxCell.m in Sources */,
				14E2811311F6479A00DF10E5 /* MyBookmarkAPI.m in Sources */,
				14E2813011F64D8300DF10E5 /* AddBookmarkViewController.m in Sources */,
				14358EF511F7EED500D5F86D /* Reachability.m in Sources */,
				14358F1B11F7F38E00D5F86D /* InternetReachability.m in Sources */,
				14358F6511F7F5F800D5F86D /* HelpViewController.m in Sources */,
				14C4B5B8160A2C0C0063EC73 /* UIImage+Utilities.m in Sources */,
			);
			runOnlyForDeploymentPostprocessing = 0;
		};
/* End PBXSourcesBuildPhase section */

/* Begin PBXVariantGroup section */
		14358F5F11F7F5E300D5F86D /* help.html */ = {
			isa = PBXVariantGroup;
			children = (
				14358F6011F7F5E300D5F86D /* English */,
				14358F6111F7F5E300D5F86D /* Japanese */,
			);
			name = help.html;
			sourceTree = "<group>";
		};
		1467A80111EABCD300A5E334 /* InfoPlist.strings */ = {
			isa = PBXVariantGroup;
			children = (
				1467A7FD11EABCBA00A5E334 /* English */,
				1467A80311EABCDB00A5E334 /* Japanese */,
			);
			name = InfoPlist.strings;
			sourceTree = "<group>";
		};
		1467A80411EABCE500A5E334 /* Localizable.strings */ = {
			isa = PBXVariantGroup;
			children = (
				1467A7FF11EABCC600A5E334 /* English */,
				1467A80611EABCEC00A5E334 /* Japanese */,
			);
			name = Localizable.strings;
			sourceTree = "<group>";
		};
/* End PBXVariantGroup section */

/* Begin XCBuildConfiguration section */
		143E7E2111F8EC0B001938D1 /* Distribution */ = {
			isa = XCBuildConfiguration;
			buildSettings = {
				ARCHS = "$(ARCHS_STANDARD_32_BIT)";
				"CODE_SIGN_IDENTITY[sdk=iphoneos*]" = "iPhone Distribution";
				GCC_C_LANGUAGE_STANDARD = c99;
				GCC_VERSION = com.apple.compilers.llvm.clang.1_0;
				GCC_WARN_ABOUT_RETURN_TYPE = YES;
				GCC_WARN_UNUSED_VARIABLE = YES;
				HEADER_SEARCH_PATHS = "${SDKROOT}/usr/include/libxml2";
				IPHONEOS_DEPLOYMENT_TARGET = 4.3;
				OTHER_CFLAGS = "-DNS_BLOCK_ASSERTIONS=1";
				"PROVISIONING_PROFILE[sdk=iphoneos*]" = "";
				SDKROOT = iphoneos;
			};
			name = Distribution;
		};
		143E7E2211F8EC0B001938D1 /* Distribution */ = {
			isa = XCBuildConfiguration;
			buildSettings = {
				ALWAYS_SEARCH_USER_PATHS = NO;
				COPY_PHASE_STRIP = YES;
				GCC_PRECOMPILE_PREFIX_HEADER = YES;
				GCC_PREFIX_HEADER = HatenaTouch_Prefix.pch;
				INFOPLIST_FILE = "HatenaTouch-Info.plist";
				PRODUCT_NAME = HatenaTouch;
				VALIDATE_PRODUCT = YES;
			};
			name = Distribution;
		};
		1D6058940D05DD3E006BFB54 /* Debug */ = {
			isa = XCBuildConfiguration;
			buildSettings = {
				ALWAYS_SEARCH_USER_PATHS = NO;
				COPY_PHASE_STRIP = NO;
				GCC_DYNAMIC_NO_PIC = NO;
				GCC_OPTIMIZATION_LEVEL = 0;
				GCC_PRECOMPILE_PREFIX_HEADER = YES;
				GCC_PREFIX_HEADER = HatenaTouch_Prefix.pch;
				INFOPLIST_FILE = "HatenaTouch-Info.plist";
				PRODUCT_NAME = HatenaTouch;
			};
			name = Debug;
		};
		1D6058950D05DD3E006BFB54 /* Release */ = {
			isa = XCBuildConfiguration;
			buildSettings = {
				ALWAYS_SEARCH_USER_PATHS = NO;
				COPY_PHASE_STRIP = YES;
				GCC_PRECOMPILE_PREFIX_HEADER = YES;
				GCC_PREFIX_HEADER = HatenaTouch_Prefix.pch;
				INFOPLIST_FILE = "HatenaTouch-Info.plist";
				PRODUCT_NAME = HatenaTouch;
				VALIDATE_PRODUCT = YES;
			};
			name = Release;
		};
		C01FCF4F08A954540054247B /* Debug */ = {
			isa = XCBuildConfiguration;
			buildSettings = {
				ARCHS = "$(ARCHS_STANDARD_32_BIT)";
				"CODE_SIGN_IDENTITY[sdk=iphoneos*]" = "iPhone Developer";
				GCC_C_LANGUAGE_STANDARD = c99;
				GCC_VERSION = com.apple.compilers.llvm.clang.1_0;
				GCC_WARN_ABOUT_RETURN_TYPE = YES;
				GCC_WARN_UNUSED_VARIABLE = YES;
				HEADER_SEARCH_PATHS = "${SDKROOT}/usr/include/libxml2";
				IPHONEOS_DEPLOYMENT_TARGET = 4.3;
				OTHER_CFLAGS = "";
				"PROVISIONING_PROFILE[sdk=iphoneos*]" = "";
				SDKROOT = iphoneos;
			};
			name = Debug;
		};
		C01FCF5008A954540054247B /* Release */ = {
			isa = XCBuildConfiguration;
			buildSettings = {
				ARCHS = "$(ARCHS_STANDARD_32_BIT)";
				"CODE_SIGN_IDENTITY[sdk=iphoneos*]" = "iPhone Developer";
				GCC_C_LANGUAGE_STANDARD = c99;
				GCC_VERSION = com.apple.compilers.llvm.clang.1_0;
				GCC_WARN_ABOUT_RETURN_TYPE = YES;
				GCC_WARN_UNUSED_VARIABLE = YES;
				HEADER_SEARCH_PATHS = "${SDKROOT}/usr/include/libxml2";
				IPHONEOS_DEPLOYMENT_TARGET = 4.3;
				OTHER_CFLAGS = "-DNS_BLOCK_ASSERTIONS=1";
				"PROVISIONING_PROFILE[sdk=iphoneos*]" = "";
				SDKROOT = iphoneos;
			};
			name = Release;
		};
/* End XCBuildConfiguration section */

/* Begin XCConfigurationList section */
		1D6058960D05DD3E006BFB54 /* Build configuration list for PBXNativeTarget "HatenaTouch" */ = {
			isa = XCConfigurationList;
			buildConfigurations = (
				1D6058940D05DD3E006BFB54 /* Debug */,
				1D6058950D05DD3E006BFB54 /* Release */,
				143E7E2211F8EC0B001938D1 /* Distribution */,
			);
			defaultConfigurationIsVisible = 0;
			defaultConfigurationName = Release;
		};
		C01FCF4E08A954540054247B /* Build configuration list for PBXProject "HatenaTouch" */ = {
			isa = XCConfigurationList;
			buildConfigurations = (
				C01FCF4F08A954540054247B /* Debug */,
				C01FCF5008A954540054247B /* Release */,
				143E7E2111F8EC0B001938D1 /* Distribution */,
			);
			defaultConfigurationIsVisible = 0;
			defaultConfigurationName = Release;
		};
/* End XCConfigurationList section */
	};
	rootObject = 29B97313FDCFA39411CA2CEA /* Project object */;
}
